// !$*UTF8*$!
{
	archiveVersion = 1;
	classes = {
	};
	objectVersion = 46;
	objects = {

/* Begin PBXBuildFile section */
		85D014781B446D700090EF33 /* main.m in Sources */ = {isa = PBXBuildFile; fileRef = 85D014771B446D700090EF33 /* main.m */; };
		85D0147B1B446D700090EF33 /* AppDelegate.m in Sources */ = {isa = PBXBuildFile; fileRef = 85D0147A1B446D700090EF33 /* AppDelegate.m */; };
		85D0147E1B446D700090EF33 /* ViewController.m in Sources */ = {isa = PBXBuildFile; fileRef = 85D0147D1B446D700090EF33 /* ViewController.m */; };
		85D014811B446D700090EF33 /* Main.storyboard in Resources */ = {isa = PBXBuildFile; fileRef = 85D0147F1B446D700090EF33 /* Main.storyboard */; };
		85D014831B446D700090EF33 /* Images.xcassets in Resources */ = {isa = PBXBuildFile; fileRef = 85D014821B446D700090EF33 /* Images.xcassets */; };
		85D014861B446D700090EF33 /* LaunchScreen.xib in Resources */ = {isa = PBXBuildFile; fileRef = 85D014841B446D700090EF33 /* LaunchScreen.xib */; };
		85D014921B446D700090EF33 /* Demo_2Tests.m in Sources */ = {isa = PBXBuildFile; fileRef = 85D014911B446D700090EF33 /* Demo_2Tests.m */; };
/* End PBXBuildFile section */

/* Begin PBXContainerItemProxy section */
		85D0148C1B446D700090EF33 /* PBXContainerItemProxy */ = {
			isa = PBXContainerItemProxy;
			containerPortal = 85D0146A1B446D700090EF33 /* Project object */;
			proxyType = 1;
			remoteGlobalIDString = 85D014711B446D700090EF33;
			remoteInfo = Demo_2;
		};
/* End PBXContainerItemProxy section */

/* Begin PBXFileReference section */
		85D014721B446D700090EF33 /* Demo_2.app */ = {isa = PBXFileReference; explicitFileType = wrapper.application; includeInIndex = 0; path = Demo_2.app; sourceTree = BUILT_PRODUCTS_DIR; };
		85D014761B446D700090EF33 /* Info.plist */ = {isa = PBXFileReference; lastKnownFileType = text.plist.xml; path = Info.plist; sourceTree = "<group>"; };
		85D014771B446D700090EF33 /* main.m */ = {isa = PBXFileReference; lastKnownFileType = sourcecode.c.objc; path = main.m; sourceTree = "<group>"; };
		85D014791B446D700090EF33 /* AppDelegate.h */ = {isa = PBXFileReference; lastKnownFileType = sourcecode.c.h; path = AppDelegate.h; sourceTree = "<group>"; };
		85D0147A1B446D700090EF33 /* AppDelegate.m */ = {isa = PBXFileReference; lastKnownFileType = sourcecode.c.objc; path = AppDelegate.m; sourceTree = "<group>"; };
		85D0147C1B446D700090EF33 /* ViewController.h */ = {isa = PBXFileReference; lastKnownFileType = sourcecode.c.h; path = ViewController.h; sourceTree = "<group>"; };
		85D0147D1B446D700090EF33 /* ViewController.m */ = {isa = PBXFileReference; lastKnownFileType = sourcecode.c.objc; path = ViewController.m; sourceTree = "<group>"; };
		85D014801B446D700090EF33 /* Base */ = {isa = PBXFileReference; lastKnownFileType = file.storyboard; name = Base; path = Base.lproj/Main.storyboard; sourceTree = "<group>"; };
		85D014821B446D700090EF33 /* Images.xcassets */ = {isa = PBXFileReference; lastKnownFileType = folder.assetcatalog; path = Images.xcassets; sourceTree = "<group>"; };
		85D014851B446D700090EF33 /* Base */ = {isa = PBXFileReference; lastKnownFileType = file.xib; name = Base; path = Base.lproj/LaunchScreen.xib; sourceTree = "<group>"; };
		85D0148B1B446D700090EF33 /* Demo_2Tests.xctest */ = {isa = PBXFileReference; explicitFileType = wrapper.cfbundle; includeInIndex = 0; path = Demo_2Tests.xctest; sourceTree = BUILT_PRODUCTS_DIR; };
		85D014901B446D700090EF33 /* Info.plist */ = {isa = PBXFileReference; lastKnownFileType = text.plist.xml; path = Info.plist; sourceTree = "<group>"; };
		85D014911B446D700090EF33 /* Demo_2Tests.m */ = {isa = PBXFileReference; lastKnownFileType = sourcecode.c.objc; path = Demo_2Tests.m; sourceTree = "<group>"; };
/* End PBXFileReference section */

/* Begin PBXFrameworksBuildPhase section */
		85D0146F1B446D700090EF33 /* Frameworks */ = {
			isa = PBXFrameworksBuildPhase;
			buildActionMask = 2147483647;
			files = (
			);
			runOnlyForDeploymentPostprocessing = 0;
		};
		85D014881B446D700090EF33 /* Frameworks */ = {
			isa = PBXFrameworksBuildPhase;
			buildActionMask = 2147483647;
			files = (
			);
			runOnlyForDeploymentPostprocessing = 0;
		};
/* End PBXFrameworksBuildPhase section */

/* Begin PBXGroup section */
		85D014691B446D700090EF33 = {
			isa = PBXGroup;
			children = (
				85D014741B446D700090EF33 /* Demo_2 */,
				85D0148E1B446D700090EF33 /* Demo_2Tests */,
				85D014731B446D700090EF33 /* Products */,
			);
			sourceTree = "<group>";
		};
		85D014731B446D700090EF33 /* Products */ = {
			isa = PBXGroup;
			children = (
				85D014721B446D700090EF33 /* Demo_2.app */,
				85D0148B1B446D700090EF33 /* Demo_2Tests.xctest */,
			);
			name = Products;
			sourceTree = "<group>";
		};
		85D014741B446D700090EF33 /* Demo_2 */ = {
			isa = PBXGroup;
			children = (
				85D014791B446D700090EF33 /* AppDelegate.h */,
				85D0147A1B446D700090EF33 /* AppDelegate.m */,
				85D0147C1B446D700090EF33 /* ViewController.h */,
				85D0147D1B446D700090EF33 /* ViewController.m */,
				85D0147F1B446D700090EF33 /* Main.storyboard */,
				85D014821B446D700090EF33 /* Images.xcassets */,
				85D014841B446D700090EF33 /* LaunchScreen.xib */,
				85D014751B446D700090EF33 /* Supporting Files */,
			);
			path = Demo_2;
			sourceTree = "<group>";
		};
		85D014751B446D700090EF33 /* Supporting Files */ = {
			isa = PBXGroup;
			children = (
				85D014761B446D700090EF33 /* Info.plist */,
				85D014771B446D700090EF33 /* main.m */,
			);
			name = "Supporting Files";
			sourceTree = "<group>";
		};
		85D0148E1B446D700090EF33 /* Demo_2Tests */ = {
			isa = PBXGroup;
			children = (
				85D014911B446D700090EF33 /* Demo_2Tests.m */,
				85D0148F1B446D700090EF33 /* Supporting Files */,
			);
			path = Demo_2Tests;
			sourceTree = "<group>";
		};
		85D0148F1B446D700090EF33 /* Supporting Files */ = {
			isa = PBXGroup;
			children = (
				85D014901B446D700090EF33 /* Info.plist */,
			);
			name = "Supporting Files";
			sourceTree = "<group>";
		};
/* End PBXGroup section */

/* Begin PBXNativeTarget section */
		85D014711B446D700090EF33 /* Demo_2 */ = {
			isa = PBXNativeTarget;
			buildConfigurationList = 85D014951B446D700090EF33 /* Build configuration list for PBXNativeTarget "Demo_2" */;
			buildPhases = (
				85D0146E1B446D700090EF33 /* Sources */,
				85D0146F1B446D700090EF33 /* Frameworks */,
				85D014701B446D700090EF33 /* Resources */,
			);
			buildRules = (
			);
			dependencies = (
			);
			name = Demo_2;
			productName = Demo_2;
			productReference = 85D014721B446D700090EF33 /* Demo_2.app */;
			productType = "com.apple.product-type.application";
		};
		85D0148A1B446D700090EF33 /* Demo_2Tests */ = {
			isa = PBXNativeTarget;
			buildConfigurationList = 85D014981B446D700090EF33 /* Build configuration list for PBXNativeTarget "Demo_2Tests" */;
			buildPhases = (
				85D014871B446D700090EF33 /* Sources */,
				85D014881B446D700090EF33 /* Frameworks */,
				85D014891B446D700090EF33 /* Resources */,
			);
			buildRules = (
			);
			dependencies = (
				85D0148D1B446D700090EF33 /* PBXTargetDependency */,
			);
			name = Demo_2Tests;
			productName = Demo_2Tests;
			productReference = 85D0148B1B446D700090EF33 /* Demo_2Tests.xctest */;
			productType = "com.apple.product-type.bundle.unit-test";
		};
/* End PBXNativeTarget section */

/* Begin PBXProject section */
		85D0146A1B446D700090EF33 /* Project object */ = {
			isa = PBXProject;
			attributes = {
				LastUpgradeCheck = 0630;
				ORGANIZATIONNAME = tarena;
				TargetAttributes = {
					85D014711B446D700090EF33 = {
						CreatedOnToolsVersion = 6.3;
					};
					85D0148A1B446D700090EF33 = {
						CreatedOnToolsVersion = 6.3;
						TestTargetID = 85D014711B446D700090EF33;
					};
				};
			};
			buildConfigurationList = 85D0146D1B446D700090EF33 /* Build configuration list for PBXProject "Demo_2" */;
			compatibilityVersion = "Xcode 3.2";
			developmentRegion = English;
			hasScannedForEncodings = 0;
			knownRegions = (
				en,
				Base,
			);
			mainGroup = 85D014691B446D700090EF33;
			productRefGroup = 85D014731B446D700090EF33 /* Products */;
			projectDirPath = "";
			projectRoot = "";
			targets = (
				85D014711B446D700090EF33 /* Demo_2 */,
				85D0148A1B446D700090EF33 /* Demo_2Tests */,
			);
		};
/* End PBXProject section */

/* Begin PBXResourcesBuildPhase section */
		85D014701B446D700090EF33 /* Resources */ = {
			isa = PBXResourcesBuildPhase;
			buildActionMask = 2147483647;
			files = (
				85D014811B446D700090EF33 /* Main.storyboard in Resources */,
				85D014861B446D700090EF33 /* LaunchScreen.xib in Resources */,
				85D014831B446D700090EF33 /* Images.xcassets in Resources */,
			);
			runOnlyForDeploymentPostprocessing = 0;
		};
		85D014891B446D700090EF33 /* Resources */ = {
			isa = PBXResourcesBuildPhase;
			buildActionMask = 2147483647;
			files = (
			);
			runOnlyForDeploymentPostprocessing = 0;
		};
/* End PBXResourcesBuildPhase section */

/* Begin PBXSourcesBuildPhase section */
		85D0146E1B446D700090EF33 /* Sources */ = {
			isa = PBXSourcesBuildPhase;
			buildActionMask = 2147483647;
			files = (
				85D0147E1B446D700090EF33 /* ViewController.m in Sources */,
				85D0147B1B446D700090EF33 /* AppDelegate.m in Sources */,
				85D014781B446D700090EF33 /* main.m in Sources */,
			);
			runOnlyForDeploymentPostprocessing = 0;
		};
		85D014871B446D700090EF33 /* Sources */ = {
			isa = PBXSourcesBuildPhase;
			buildActionMask = 2147483647;
			files = (
				85D014921B446D700090EF33 /* Demo_2Tests.m in Sources */,
			);
			runOnlyForDeploymentPostprocessing = 0;
		};
/* End PBXSourcesBuildPhase section */

/* Begin PBXTargetDependency section */
		85D0148D1B446D700090EF33 /* PBXTargetDependency */ = {
			isa = PBXTargetDependency;
			target = 85D014711B446D700090EF33 /* Demo_2 */;
			targetProxy = 85D0148C1B446D700090EF33 /* PBXContainerItemProxy */;
		};
/* End PBXTargetDependency section */

/* Begin PBXVariantGroup section */
		85D0147F1B446D700090EF33 /* Main.storyboard */ = {
			isa = PBXVariantGroup;
			children = (
				85D014801B446D700090EF33 /* Base */,
			);
			name = Main.storyboard;
			sourceTree = "<group>";
		};
		85D014841B446D700090EF33 /* LaunchScreen.xib */ = {
			isa = PBXVariantGroup;
			children = (
				85D014851B446D700090EF33 /* Base */,
			);
			name = LaunchScreen.xib;
			sourceTree = "<group>";
		};
/* End PBXVariantGroup section */

/* Begin XCBuildConfiguration section */
		85D014931B446D700090EF33 /* Debug */ = {
			isa = XCBuildConfiguration;
			buildSettings = {
				ALWAYS_SEARCH_USER_PATHS = NO;
				CLANG_CXX_LANGUAGE_STANDARD = "gnu++0x";
				CLANG_CXX_LIBRARY = "libc++";
				CLANG_ENABLE_MODULES = YES;
				CLANG_ENABLE_OBJC_ARC = YES;
				CLANG_WARN_BOOL_CONVERSION = YES;
				CLANG_WARN_CONSTANT_CONVERSION = YES;
				CLANG_WARN_DIRECT_OBJC_ISA_USAGE = YES_ERROR;
				CLANG_WARN_EMPTY_BODY = YES;
				CLANG_WARN_ENUM_CONVERSION = YES;
				CLANG_WARN_INT_CONVERSION = YES;
				CLANG_WARN_OBJC_ROOT_CLASS = YES_ERROR;
				CLANG_WARN_UNREACHABLE_CODE = YES;
				CLANG_WARN__DUPLICATE_METHOD_MATCH = YES;
				"CODE_SIGN_IDENTITY[sdk=iphoneos*]" = "iPhone Developer";
				COPY_PHASE_STRIP = NO;
				DEBUG_INFORMATION_FORMAT = "dwarf-with-dsym";
				ENABLE_STRICT_OBJC_MSGSEND = YES;
				GCC_C_LANGUAGE_STANDARD = gnu99;
				GCC_DYNAMIC_NO_PIC = NO;
				GCC_NO_COMMON_BLOCKS = YES;
				GCC_OPTIMIZATION_LEVEL = 0;
				GCC_PREPROCESSOR_DEFINITIONS = (
					"DEBUG=1",
					"$(inherited)",
				);
				GCC_SYMBOLS_PRIVATE_EXTERN = NO;
				GCC_WARN_64_TO_32_BIT_CONVERSION = YES;
				GCC_WARN_ABOUT_RETURN_TYPE = YES_ERROR;
				GCC_WARN_UNDECLARED_SELECTOR = YES;
				GCC_WARN_UNINITIALIZED_AUTOS = YES_AGGRESSIVE;
				GCC_WARN_UNUSED_FUNCTION = YES;
				GCC_WARN_UNUSED_VARIABLE = YES;
				IPHONEOS_DEPLOYMENT_TARGET = 8.3;
				MTL_ENABLE_DEBUG_INFO = YES;
				ONLY_ACTIVE_ARCH = YES;
				SDKROOT = iphoneos;
			};
			name = Debug;
		};
		85D014941B446D700090EF33 /* Release */ = {
			isa = XCBuildConfiguration;
			buildSettings = {
				ALWAYS_SEARCH_USER_PATHS = NO;
				CLANG_CXX_LANGUAGE_STANDARD = "gnu++0x";
				CLANG_CXX_LIBRARY = "libc++";
				CLANG_ENABLE_MODULES = YES;
				CLANG_ENABLE_OBJC_ARC = YES;
				CLANG_WARN_BOOL_CONVERSION = YES;
				CLANG_WARN_CONSTANT_CONVERSION = YES;
				CLANG_WARN_DIRECT_OBJC_ISA_USAGE = YES_ERROR;
				CLANG_WARN_EMPTY_BODY = YES;
				CLANG_WARN_ENUM_CONVERSION = YES;
				CLANG_WARN_INT_CONVERSION = YES;
				CLANG_WARN_OBJC_ROOT_CLASS = YES_ERROR;
				CLANG_WARN_UNREACHABLE_CODE = YES;
				CLANG_WARN__DUPLICATE_METHOD_MATCH = YES;
				"CODE_SIGN_IDENTITY[sdk=iphoneos*]" = "iPhone Developer";
				COPY_PHASE_STRIP = NO;
				DEBUG_INFORMATION_FORMAT = "dwarf-with-dsym";
				ENABLE_NS_ASSERTIONS = NO;
				ENABLE_STRICT_OBJC_MSGSEND = YES;
				GCC_C_LANGUAGE_STANDARD = gnu99;
				GCC_NO_COMMON_BLOCKS = YES;
				GCC_WARN_64_TO_32_BIT_CONVERSION = YES;
				GCC_WARN_ABOUT_RETURN_TYPE = YES_ERROR;
				GCC_WARN_UNDECLARED_SELECTOR = YES;
				GCC_WARN_UNINITIALIZED_AUTOS = YES_AGGRESSIVE;
				GCC_WARN_UNUSED_FUNCTION = YES;
				GCC_WARN_UNUSED_VARIABLE = YES;
				IPHONEOS_DEPLOYMENT_TARGET = 8.3;
				MTL_ENABLE_DEBUG_INFO = NO;
				SDKROOT = iphoneos;
				VALIDATE_PRODUCT = YES;
			};
			name = Release;
		};
		85D014961B446D700090EF33 /* Debug */ = {
			isa = XCBuildConfiguration;
			buildSettings = {
				ASSETCATALOG_COMPILER_APPICON_NAME = AppIcon;
				INFOPLIST_FILE = Demo_2/Info.plist;
				LD_RUNPATH_SEARCH_PATHS = "$(inherited) @executable_path/Frameworks";
				PRODUCT_NAME = "$(TARGET_NAME)";
			};
			name = Debug;
		};
		85D014971B446D700090EF33 /* Release */ = {
			isa = XCBuildConfiguration;
			buildSettings = {
				ASSETCATALOG_COMPILER_APPICON_NAME = AppIcon;
				INFOPLIST_FILE = Demo_2/Info.plist;
				LD_RUNPATH_SEARCH_PATHS = "$(inherited) @executable_path/Frameworks";
				PRODUCT_NAME = "$(TARGET_NAME)";
			};
			name = Release;
		};
		85D014991B446D700090EF33 /* Debug */ = {
			isa = XCBuildConfiguration;
			buildSettings = {
				BUNDLE_LOADER = "$(TEST_HOST)";
				FRAMEWORK_SEARCH_PATHS = (
					"$(SDKROOT)/Developer/Library/Frameworks",
					"$(inherited)",
				);
				GCC_PREPROCESSOR_DEFINITIONS = (
					"DEBUG=1",
					"$(inherited)",
				);
				INFOPLIST_FILE = Demo_2Tests/Info.plist;
				LD_RUNPATH_SEARCH_PATHS = "$(inherited) @executable_path/Frameworks @loader_path/Frameworks";
				PRODUCT_NAME = "$(TARGET_NAME)";
				TEST_HOST = "$(BUILT_PRODUCTS_DIR)/Demo_2.app/Demo_2";
			};
			name = Debug;
		};
		85D0149A1B446D700090EF33 /* Release */ = {
			isa = XCBuildConfiguration;
			buildSettings = {
				BUNDLE_LOADER = "$(TEST_HOST)";
				FRAMEWORK_SEARCH_PATHS = (
					"$(SDKROOT)/Developer/Library/Frameworks",
					"$(inherited)",
				);
				INFOPLIST_FILE = Demo_2Tests/Info.plist;
				LD_RUNPATH_SEARCH_PATHS = "$(inherited) @executable_path/Frameworks @loader_path/Frameworks";
				PRODUCT_NAME = "$(TARGET_NAME)";
				TEST_HOST = "$(BUILT_PRODUCTS_DIR)/Demo_2.app/Demo_2";
			};
			name = Release;
		};
/* End XCBuildConfiguration section */

/* Begin XCConfigurationList section */
		85D0146D1B446D700090EF33 /* Build configuration list for PBXProject "Demo_2" */ = {
			isa = XCConfigurationList;
			buildConfigurations = (
				85D014931B446D700090EF33 /* Debug */,
				85D014941B446D700090EF33 /* Release */,
			);
			defaultConfigurationIsVisible = 0;
			defaultConfigurationName = Release;
		};
		85D014951B446D700090EF33 /* Build configuration list for PBXNativeTarget "Demo_2" */ = {
			isa = XCConfigurationList;
			buildConfigurations = (
				85D014961B446D700090EF33 /* Debug */,
				85D014971B446D700090EF33 /* Release */,
			);
			defaultConfigurationIsVisible = 0;
		};
		85D014981B446D700090EF33 /* Build configuration list for PBXNativeTarget "Demo_2Tests" */ = {
			isa = XCConfigurationList;
			buildConfigurations = (
				85D014991B446D700090EF33 /* Debug */,
				85D0149A1B446D700090EF33 /* Release */,
			);
			defaultConfigurationIsVisible = 0;
		};
/* End XCConfigurationList section */
	};
	rootObject = 85D0146A1B446D700090EF33 /* Project object */;
}
